
Microsoft Visual Studio Solution File, Format Version 12.00
# Visual Studio Version 17
VisualStudioVersion = 17.12.35707.178 d17.12
MinimumVisualStudioVersion = 10.0.40219.1
Project("{FAE04EC0-301F-11D3-BF4B-00C04F79EFBC}") = "Westwind.TypeImporter", "Westwind.TypeImporter.csproj", "{34F29384-519E-4D44-AFC4-B29B795665AB}"
EndProject
Global
	GlobalSection(SolutionConfigurationPlatforms) = preSolution
		Debug|Any CPU = Debug|Any CPU
		Release|Any CPU = Release|Any CPU
	EndGlobalSection
	GlobalSection(ProjectConfigurationPlatforms) = postSolution
		{34F29384-519E-4D44-AFC4-B29B795665AB}.Debug|Any CPU.ActiveCfg = Debug|Any CPU
		{34F29384-519E-4D44-AFC4-B29B795665AB}.Debug|Any CPU.Build.0 = Debug|Any CPU
		{34F29384-519E-4D44-AFC4-B29B795665AB}.Release|Any CPU.ActiveCfg = Release|Any CPU
		{34F29384-519E-4D44-AFC4-B29B795665AB}.Release|Any CPU.Build.0 = Release|Any CPU
	EndGlobalSection
	GlobalSection(SolutionProperties) = preSolution
		HideSolutionNode = FALSE
	EndGlobalSection
EndGlobal
