
Microsoft Visual Studio Solution File, Format Version 12.00
# Visual Studio Version 17
VisualStudioVersion = 17.12.35707.178
MinimumVisualStudioVersion = 10.0.40219.1
Project("{FAE04EC0-301F-11D3-BF4B-00C04F79EFBC}") = "Westwind.TypeImporter", "Westwind.TypeImporter\Westwind.TypeImporter.csproj", "{A138BAF6-FA96-4C98-BC64-E44EEAEE5243}"
EndProject
Project("{FAE04EC0-301F-11D3-BF4B-00C04F79EFBC}") = "Westwind.TypeImporter.Test", "Westwind.TypeImporter.Test\Westwind.TypeImporter.Test.csproj", "{57262A08-957D-4061-A719-93D1CBA1B492}"
EndProject
Global
	GlobalSection(SolutionConfigurationPlatforms) = preSolution
		Debug|Any CPU = Debug|Any CPU
		Release|Any CPU = Release|Any CPU
	EndGlobalSection
	GlobalSection(ProjectConfigurationPlatforms) = postSolution
		{A138BAF6-FA96-4C98-BC64-E44EEAEE5243}.Debug|Any CPU.ActiveCfg = Debug|Any CPU
		{A138BAF6-FA96-4C98-BC64-E44EEAEE5243}.Debug|Any CPU.Build.0 = Debug|Any CPU
		{A138BAF6-FA96-4C98-BC64-E44EEAEE5243}.Release|Any CPU.ActiveCfg = Release|Any CPU
		{A138BAF6-FA96-4C98-BC64-E44EEAEE5243}.Release|Any CPU.Build.0 = Release|Any CPU
		{57262A08-957D-4061-A719-93D1CBA1B492}.Debug|Any CPU.ActiveCfg = Debug|Any CPU
		{57262A08-957D-4061-A719-93D1CBA1B492}.Debug|Any CPU.Build.0 = Debug|Any CPU
		{57262A08-957D-4061-A719-93D1CBA1B492}.Release|Any CPU.ActiveCfg = Release|Any CPU
		{57262A08-957D-4061-A719-93D1CBA1B492}.Release|Any CPU.Build.0 = Release|Any CPU
	EndGlobalSection
	GlobalSection(SolutionProperties) = preSolution
		HideSolutionNode = FALSE
	EndGlobalSection
EndGlobal
